# This file is automatically @generated by Poetry 1.8.2 and should not be changed by hand.

[[package]]
name = "mutagen"
version = "1.47.0"
description = "read and write audio tags for many formats"
optional = false
python-versions = ">=3.7"
files = [
    {file = "mutagen-1.47.0-py3-none-any.whl", hash = "sha256:edd96f50c5907a9539d8e5bba7245f62c9f520aef333d13392a79a4f70aca719"},
    {file = "mutagen-1.47.0.tar.gz", hash = "sha256:719fadef0a978c31b4cf3c956261b3c58b6948b32023078a2117b1de09f0fc99"},
]

[metadata]
lock-version = "2.0"
python-versions = "^3.8"
content-hash = "3af38a1f876db7579fa69a0fc2dd8c4b59ac6169dba8d5c4334b335b95efca7f"
